
Microsoft Visual Studio Solution File, Format Version 12.00
# Visual Studio Version 17
VisualStudioVersion = 17.3.32901.215
MinimumVisualStudioVersion = 10.0.40219.1
Project("{9A19103F-16F7-4668-BE54-9A1E7A4F7556}") = "GUI", "GUI\GUI.csproj", "{D2810643-BC3B-498D-9629-4F5AC8EA3995}"
EndProject
Project("{FAE04EC0-301F-11D3-BF4B-00C04F79EFBC}") = "NuclearData", "NuclearData\NuclearData.csproj", "{6CFD2B75-5AD1-431C-9FD2-56B143A2A302}"
EndProject
Project("{FAE04EC0-301F-11D3-BF4B-00C04F79EFBC}") = "TestNuclearData", "TestNuclearData\TestNuclearData.csproj", "{78FC548E-6354-4161-9012-AE8C0B6099C3}"
EndProject
Global
	GlobalSection(SolutionConfigurationPlatforms) = preSolution
		Debug|Any CPU = Debug|Any CPU
		Release|Any CPU = Release|Any CPU
	EndGlobalSection
	GlobalSection(ProjectConfigurationPlatforms) = postSolution
		{D2810643-BC3B-498D-9629-4F5AC8EA3995}.Debug|Any CPU.ActiveCfg = Debug|Any CPU
		{D2810643-BC3B-498D-9629-4F5AC8EA3995}.Debug|Any CPU.Build.0 = Debug|Any CPU
		{D2810643-BC3B-498D-9629-4F5AC8EA3995}.Release|Any CPU.ActiveCfg = Release|Any CPU
		{D2810643-BC3B-498D-9629-4F5AC8EA3995}.Release|Any CPU.Build.0 = Release|Any CPU
		{6CFD2B75-5AD1-431C-9FD2-56B143A2A302}.Debug|Any CPU.ActiveCfg = Debug|Any CPU
		{6CFD2B75-5AD1-431C-9FD2-56B143A2A302}.Debug|Any CPU.Build.0 = Debug|Any CPU
		{6CFD2B75-5AD1-431C-9FD2-56B143A2A302}.Release|Any CPU.ActiveCfg = Release|Any CPU
		{6CFD2B75-5AD1-431C-9FD2-56B143A2A302}.Release|Any CPU.Build.0 = Release|Any CPU
		{78FC548E-6354-4161-9012-AE8C0B6099C3}.Debug|Any CPU.ActiveCfg = Debug|Any CPU
		{78FC548E-6354-4161-9012-AE8C0B6099C3}.Debug|Any CPU.Build.0 = Debug|Any CPU
		{78FC548E-6354-4161-9012-AE8C0B6099C3}.Release|Any CPU.ActiveCfg = Release|Any CPU
		{78FC548E-6354-4161-9012-AE8C0B6099C3}.Release|Any CPU.Build.0 = Release|Any CPU
	EndGlobalSection
	GlobalSection(SolutionProperties) = preSolution
		HideSolutionNode = FALSE
	EndGlobalSection
	GlobalSection(ExtensibilityGlobals) = postSolution
		SolutionGuid = {83F78E15-9974-4A89-8143-DFF9A00A3403}
	EndGlobalSection
EndGlobal
